
Microsoft Visual Studio Solution File, Format Version 12.00
Project("{FAE04EC0-301F-11D3-BF4B-00C04F79EFBC}") = "UnclewoodCleanArchitectur", "UnclewoodCleanArchitectur\UnclewoodCleanArchitectur.csproj", "{898E5B32-BD60-4164-BEF7-2DCF0323DA90}"
EndProject
Project("{FAE04EC0-301F-11D3-BF4B-00C04F79EFBC}") = "UnclewoodCleanArchitecture.Domain", "UnclewoodCleanArchitecture.Domain\UnclewoodCleanArchitecture.Domain.csproj", "{E29CF90A-ECA0-4A0D-858E-C1461218137F}"
EndProject
Project("{FAE04EC0-301F-11D3-BF4B-00C04F79EFBC}") = "UnclewoodCleanArchitecture.Application", "UnclewoodCleanArchitecture.Application\UnclewoodCleanArchitecture.Application.csproj", "{3E86AEB1-478F-4055-8300-0E58F96B3B82}"
EndProject
Project("{FAE04EC0-301F-11D3-BF4B-00C04F79EFBC}") = "UnclewoodCleanArchitecture.Presentation", "UnclewoodCleanArchitecture.Presentation\UnclewoodCleanArchitecture.Presentation.csproj", "{CACBFBF2-189C-46D4-BC65-56624BFADDD5}"
EndProject
Project("{FAE04EC0-301F-11D3-BF4B-00C04F79EFBC}") = "UnclewoodCleanArchitecture.Infrastructure", "UnclewoodCleanArchitecture.Infrastructure\UnclewoodCleanArchitecture.Infrastructure.csproj", "{AB4022EC-995F-4AD0-9ED7-9E43B9F2068E}"
EndProject
Project("{2150E333-8FDC-42A3-9474-1A3956D46DE8}") = "src", "src", "{D53EB122-D5CE-4B49-BC89-935E57818976}"
EndProject
Project("{2150E333-8FDC-42A3-9474-1A3956D46DE8}") = "test", "test", "{9744D841-5AD1-44B8-B425-9E87E87CD750}"
EndProject
Project("{FAE04EC0-301F-11D3-BF4B-00C04F79EFBC}") = "Unclewood.Domain.UnitTests", "Unclewood.Domain.UnitTests\Unclewood.Domain.UnitTests.csproj", "{B25AEED8-05DC-4D1B-ADF7-D41080A714A5}"
EndProject
Global
	GlobalSection(SolutionConfigurationPlatforms) = preSolution
		Debug|Any CPU = Debug|Any CPU
		Release|Any CPU = Release|Any CPU
	EndGlobalSection
	GlobalSection(ProjectConfigurationPlatforms) = postSolution
		{898E5B32-BD60-4164-BEF7-2DCF0323DA90}.Debug|Any CPU.ActiveCfg = Debug|Any CPU
		{898E5B32-BD60-4164-BEF7-2DCF0323DA90}.Debug|Any CPU.Build.0 = Debug|Any CPU
		{898E5B32-BD60-4164-BEF7-2DCF0323DA90}.Release|Any CPU.ActiveCfg = Release|Any CPU
		{898E5B32-BD60-4164-BEF7-2DCF0323DA90}.Release|Any CPU.Build.0 = Release|Any CPU
		{E29CF90A-ECA0-4A0D-858E-C1461218137F}.Debug|Any CPU.ActiveCfg = Debug|Any CPU
		{E29CF90A-ECA0-4A0D-858E-C1461218137F}.Debug|Any CPU.Build.0 = Debug|Any CPU
		{E29CF90A-ECA0-4A0D-858E-C1461218137F}.Release|Any CPU.ActiveCfg = Release|Any CPU
		{E29CF90A-ECA0-4A0D-858E-C1461218137F}.Release|Any CPU.Build.0 = Release|Any CPU
		{3E86AEB1-478F-4055-8300-0E58F96B3B82}.Debug|Any CPU.ActiveCfg = Debug|Any CPU
		{3E86AEB1-478F-4055-8300-0E58F96B3B82}.Debug|Any CPU.Build.0 = Debug|Any CPU
		{3E86AEB1-478F-4055-8300-0E58F96B3B82}.Release|Any CPU.ActiveCfg = Release|Any CPU
		{3E86AEB1-478F-4055-8300-0E58F96B3B82}.Release|Any CPU.Build.0 = Release|Any CPU
		{CACBFBF2-189C-46D4-BC65-56624BFADDD5}.Debug|Any CPU.ActiveCfg = Debug|Any CPU
		{CACBFBF2-189C-46D4-BC65-56624BFADDD5}.Debug|Any CPU.Build.0 = Debug|Any CPU
		{CACBFBF2-189C-46D4-BC65-56624BFADDD5}.Release|Any CPU.ActiveCfg = Release|Any CPU
		{CACBFBF2-189C-46D4-BC65-56624BFADDD5}.Release|Any CPU.Build.0 = Release|Any CPU
		{AB4022EC-995F-4AD0-9ED7-9E43B9F2068E}.Debug|Any CPU.ActiveCfg = Debug|Any CPU
		{AB4022EC-995F-4AD0-9ED7-9E43B9F2068E}.Debug|Any CPU.Build.0 = Debug|Any CPU
		{AB4022EC-995F-4AD0-9ED7-9E43B9F2068E}.Release|Any CPU.ActiveCfg = Release|Any CPU
		{AB4022EC-995F-4AD0-9ED7-9E43B9F2068E}.Release|Any CPU.Build.0 = Release|Any CPU
		{B25AEED8-05DC-4D1B-ADF7-D41080A714A5}.Debug|Any CPU.ActiveCfg = Debug|Any CPU
		{B25AEED8-05DC-4D1B-ADF7-D41080A714A5}.Debug|Any CPU.Build.0 = Debug|Any CPU
		{B25AEED8-05DC-4D1B-ADF7-D41080A714A5}.Release|Any CPU.ActiveCfg = Release|Any CPU
		{B25AEED8-05DC-4D1B-ADF7-D41080A714A5}.Release|Any CPU.Build.0 = Release|Any CPU
	EndGlobalSection
	GlobalSection(NestedProjects) = preSolution
		{898E5B32-BD60-4164-BEF7-2DCF0323DA90} = {D53EB122-D5CE-4B49-BC89-935E57818976}
		{3E86AEB1-478F-4055-8300-0E58F96B3B82} = {D53EB122-D5CE-4B49-BC89-935E57818976}
		{E29CF90A-ECA0-4A0D-858E-C1461218137F} = {D53EB122-D5CE-4B49-BC89-935E57818976}
		{AB4022EC-995F-4AD0-9ED7-9E43B9F2068E} = {D53EB122-D5CE-4B49-BC89-935E57818976}
		{CACBFBF2-189C-46D4-BC65-56624BFADDD5} = {D53EB122-D5CE-4B49-BC89-935E57818976}
		{B25AEED8-05DC-4D1B-ADF7-D41080A714A5} = {9744D841-5AD1-44B8-B425-9E87E87CD750}
	EndGlobalSection
EndGlobal
